// !$*UTF8*$!
{
	archiveVersion = 1;
	classes = {
	};
	objectVersion = 77;
	objects = {

/* Begin PBXBuildFile section */
		2615C2432CAA658D0082D90C /* SamplePackage in Frameworks */ = {isa = PBXBuildFile; productRef = 2615C2422CAA658D0082D90C /* SamplePackage */; };
		2615C24C2CAD60860082D90C /* CodeScanner in Frameworks */ = {isa = PBXBuildFile; productRef = 2615C24B2CAD60860082D90C /* CodeScanner */; };
/* End PBXBuildFile section */

/* Begin PBXContainerItemProxy section */
		260043F52CA279CA00A55AA1 /* PBXContainerItemProxy */ = {
			isa = PBXContainerItemProxy;
			containerPortal = 260043DC2CA279C900A55AA1 /* Project object */;
			proxyType = 1;
			remoteGlobalIDString = 260043E32CA279C900A55AA1;
			remoteInfo = HotProspects;
		};
		260043FF2CA279CA00A55AA1 /* PBXContainerItemProxy */ = {
			isa = PBXContainerItemProxy;
			containerPortal = 260043DC2CA279C900A55AA1 /* Project object */;
			proxyType = 1;
			remoteGlobalIDString = 260043E32CA279C900A55AA1;
			remoteInfo = HotProspects;
		};
/* End PBXContainerItemProxy section */

/* Begin PBXFileReference section */
		260043E42CA279C900A55AA1 /* HotProspects.app */ = {isa = PBXFileReference; explicitFileType = wrapper.application; includeInIndex = 0; path = HotProspects.app; sourceTree = BUILT_PRODUCTS_DIR; };
		260043F42CA279CA00A55AA1 /* HotProspectsTests.xctest */ = {isa = PBXFileReference; explicitFileType = wrapper.cfbundle; includeInIndex = 0; path = HotProspectsTests.xctest; sourceTree = BUILT_PRODUCTS_DIR; };
		260043FE2CA279CA00A55AA1 /* HotProspectsUITests.xctest */ = {isa = PBXFileReference; explicitFileType = wrapper.cfbundle; includeInIndex = 0; path = HotProspectsUITests.xctest; sourceTree = BUILT_PRODUCTS_DIR; };
/* End PBXFileReference section */

/* Begin PBXFileSystemSynchronizedRootGroup section */
		260043E62CA279C900A55AA1 /* HotProspects */ = {
			isa = PBXFileSystemSynchronizedRootGroup;
			path = HotProspects;
			sourceTree = "<group>";
		};
		260043F72CA279CA00A55AA1 /* HotProspectsTests */ = {
			isa = PBXFileSystemSynchronizedRootGroup;
			path = HotProspectsTests;
			sourceTree = "<group>";
		};
		260044012CA279CA00A55AA1 /* HotProspectsUITests */ = {
			isa = PBXFileSystemSynchronizedRootGroup;
			path = HotProspectsUITests;
			sourceTree = "<group>";
		};
/* End PBXFileSystemSynchronizedRootGroup section */

/* Begin PBXFrameworksBuildPhase section */
		260043E12CA279C900A55AA1 /* Frameworks */ = {
			isa = PBXFrameworksBuildPhase;
			buildActionMask = 2147483647;
			files = (
				2615C24C2CAD60860082D90C /* CodeScanner in Frameworks */,
				2615C2432CAA658D0082D90C /* SamplePackage in Frameworks */,
			);
			runOnlyForDeploymentPostprocessing = 0;
		};
		260043F12CA279CA00A55AA1 /* Frameworks */ = {
			isa = PBXFrameworksBuildPhase;
			buildActionMask = 2147483647;
			files = (
			);
			runOnlyForDeploymentPostprocessing = 0;
		};
		260043FB2CA279CA00A55AA1 /* Frameworks */ = {
			isa = PBXFrameworksBuildPhase;
			buildActionMask = 2147483647;
			files = (
			);
			runOnlyForDeploymentPostprocessing = 0;
		};
/* End PBXFrameworksBuildPhase section */

/* Begin PBXGroup section */
		260043DB2CA279C900A55AA1 = {
			isa = PBXGroup;
			children = (
				260043E62CA279C900A55AA1 /* HotProspects */,
				260043F72CA279CA00A55AA1 /* HotProspectsTests */,
				260044012CA279CA00A55AA1 /* HotProspectsUITests */,
				260043E52CA279C900A55AA1 /* Products */,
			);
			sourceTree = "<group>";
		};
		260043E52CA279C900A55AA1 /* Products */ = {
			isa = PBXGroup;
			children = (
				260043E42CA279C900A55AA1 /* HotProspects.app */,
				260043F42CA279CA00A55AA1 /* HotProspectsTests.xctest */,
				260043FE2CA279CA00A55AA1 /* HotProspectsUITests.xctest */,
			);
			name = Products;
			sourceTree = "<group>";
		};
/* End PBXGroup section */

/* Begin PBXNativeTarget section */
		260043E32CA279C900A55AA1 /* HotProspects */ = {
			isa = PBXNativeTarget;
			buildConfigurationList = 260044082CA279CA00A55AA1 /* Build configuration list for PBXNativeTarget "HotProspects" */;
			buildPhases = (
				260043E02CA279C900A55AA1 /* Sources */,
				260043E12CA279C900A55AA1 /* Frameworks */,
				260043E22CA279C900A55AA1 /* Resources */,
			);
			buildRules = (
			);
			dependencies = (
			);
			fileSystemSynchronizedGroups = (
				260043E62CA279C900A55AA1 /* HotProspects */,
			);
			name = HotProspects;
			packageProductDependencies = (
				2615C2422CAA658D0082D90C /* SamplePackage */,
				2615C24B2CAD60860082D90C /* CodeScanner */,
			);
			productName = HotProspects;
			productReference = 260043E42CA279C900A55AA1 /* HotProspects.app */;
			productType = "com.apple.product-type.application";
		};
		260043F32CA279CA00A55AA1 /* HotProspectsTests */ = {
			isa = PBXNativeTarget;
			buildConfigurationList = 2600440B2CA279CA00A55AA1 /* Build configuration list for PBXNativeTarget "HotProspectsTests" */;
			buildPhases = (
				260043F02CA279CA00A55AA1 /* Sources */,
				260043F12CA279CA00A55AA1 /* Frameworks */,
				260043F22CA279CA00A55AA1 /* Resources */,
			);
			buildRules = (
			);
			dependencies = (
				260043F62CA279CA00A55AA1 /* PBXTargetDependency */,
			);
			fileSystemSynchronizedGroups = (
				260043F72CA279CA00A55AA1 /* HotProspectsTests */,
			);
			name = HotProspectsTests;
			packageProductDependencies = (
			);
			productName = HotProspectsTests;
			productReference = 260043F42CA279CA00A55AA1 /* HotProspectsTests.xctest */;
			productType = "com.apple.product-type.bundle.unit-test";
		};
		260043FD2CA279CA00A55AA1 /* HotProspectsUITests */ = {
			isa = PBXNativeTarget;
			buildConfigurationList = 2600440E2CA279CA00A55AA1 /* Build configuration list for PBXNativeTarget "HotProspectsUITests" */;
			buildPhases = (
				260043FA2CA279CA00A55AA1 /* Sources */,
				260043FB2CA279CA00A55AA1 /* Frameworks */,
				260043FC2CA279CA00A55AA1 /* Resources */,
			);
			buildRules = (
			);
			dependencies = (
				260044002CA279CA00A55AA1 /* PBXTargetDependency */,
			);
			fileSystemSynchronizedGroups = (
				260044012CA279CA00A55AA1 /* HotProspectsUITests */,
			);
			name = HotProspectsUITests;
			packageProductDependencies = (
			);
			productName = HotProspectsUITests;
			productReference = 260043FE2CA279CA00A55AA1 /* HotProspectsUITests.xctest */;
			productType = "com.apple.product-type.bundle.ui-testing";
		};
/* End PBXNativeTarget section */

/* Begin PBXProject section */
		260043DC2CA279C900A55AA1 /* Project object */ = {
			isa = PBXProject;
			attributes = {
				BuildIndependentTargetsInParallel = 1;
				LastSwiftUpdateCheck = 1600;
				LastUpgradeCheck = 1600;
				TargetAttributes = {
					260043E32CA279C900A55AA1 = {
						CreatedOnToolsVersion = 16.0;
					};
					260043F32CA279CA00A55AA1 = {
						CreatedOnToolsVersion = 16.0;
						TestTargetID = 260043E32CA279C900A55AA1;
					};
					260043FD2CA279CA00A55AA1 = {
						CreatedOnToolsVersion = 16.0;
						TestTargetID = 260043E32CA279C900A55AA1;
					};
				};
			};
			buildConfigurationList = 260043DF2CA279C900A55AA1 /* Build configuration list for PBXProject "HotProspects" */;
			developmentRegion = en;
			hasScannedForEncodings = 0;
			knownRegions = (
				en,
				Base,
			);
			mainGroup = 260043DB2CA279C900A55AA1;
			minimizedProjectReferenceProxies = 1;
			packageReferences = (
				2615C2412CAA65290082D90C /* XCRemoteSwiftPackageReference "SamplePackage" */,
				2615C24A2CAD60860082D90C /* XCRemoteSwiftPackageReference "CodeScanner" */,
			);
			preferredProjectObjectVersion = 77;
			productRefGroup = 260043E52CA279C900A55AA1 /* Products */;
			projectDirPath = "";
			projectRoot = "";
			targets = (
				260043E32CA279C900A55AA1 /* HotProspects */,
				260043F32CA279CA00A55AA1 /* HotProspectsTests */,
				260043FD2CA279CA00A55AA1 /* HotProspectsUITests */,
			);
		};
/* End PBXProject section */

/* Begin PBXResourcesBuildPhase section */
		260043E22CA279C900A55AA1 /* Resources */ = {
			isa = PBXResourcesBuildPhase;
			buildActionMask = 2147483647;
			files = (
			);
			runOnlyForDeploymentPostprocessing = 0;
		};
		260043F22CA279CA00A55AA1 /* Resources */ = {
			isa = PBXResourcesBuildPhase;
			buildActionMask = 2147483647;
			files = (
			);
			runOnlyForDeploymentPostprocessing = 0;
		};
		260043FC2CA279CA00A55AA1 /* Resources */ = {
			isa = PBXResourcesBuildPhase;
			buildActionMask = 2147483647;
			files = (
			);
			runOnlyForDeploymentPostprocessing = 0;
		};
/* End PBXResourcesBuildPhase section */

/* Begin PBXSourcesBuildPhase section */
		260043E02CA279C900A55AA1 /* Sources */ = {
			isa = PBXSourcesBuildPhase;
			buildActionMask = 2147483647;
			files = (
			);
			runOnlyForDeploymentPostprocessing = 0;
		};
		260043F02CA279CA00A55AA1 /* Sources */ = {
			isa = PBXSourcesBuildPhase;
			buildActionMask = 2147483647;
			files = (
			);
			runOnlyForDeploymentPostprocessing = 0;
		};
		260043FA2CA279CA00A55AA1 /* Sources */ = {
			isa = PBXSourcesBuildPhase;
			buildActionMask = 2147483647;
			files = (
			);
			runOnlyForDeploymentPostprocessing = 0;
		};
/* End PBXSourcesBuildPhase section */

/* Begin PBXTargetDependency section */
		260043F62CA279CA00A55AA1 /* PBXTargetDependency */ = {
			isa = PBXTargetDependency;
			target = 260043E32CA279C900A55AA1 /* HotProspects */;
			targetProxy = 260043F52CA279CA00A55AA1 /* PBXContainerItemProxy */;
		};
		260044002CA279CA00A55AA1 /* PBXTargetDependency */ = {
			isa = PBXTargetDependency;
			target = 260043E32CA279C900A55AA1 /* HotProspects */;
			targetProxy = 260043FF2CA279CA00A55AA1 /* PBXContainerItemProxy */;
		};
/* End PBXTargetDependency section */

/* Begin XCBuildConfiguration section */
		260044062CA279CA00A55AA1 /* Debug */ = {
			isa = XCBuildConfiguration;
			buildSettings = {
				ALWAYS_SEARCH_USER_PATHS = NO;
				ASSETCATALOG_COMPILER_GENERATE_SWIFT_ASSET_SYMBOL_EXTENSIONS = YES;
				CLANG_ANALYZER_NONNULL = YES;
				CLANG_ANALYZER_NUMBER_OBJECT_CONVERSION = YES_AGGRESSIVE;
				CLANG_CXX_LANGUAGE_STANDARD = "gnu++20";
				CLANG_ENABLE_MODULES = YES;
				CLANG_ENABLE_OBJC_ARC = YES;
				CLANG_ENABLE_OBJC_WEAK = YES;
				CLANG_WARN_BLOCK_CAPTURE_AUTORELEASING = YES;
				CLANG_WARN_BOOL_CONVERSION = YES;
				CLANG_WARN_COMMA = YES;
				CLANG_WARN_CONSTANT_CONVERSION = YES;
				CLANG_WARN_DEPRECATED_OBJC_IMPLEMENTATIONS = YES;
				CLANG_WARN_DIRECT_OBJC_ISA_USAGE = YES_ERROR;
				CLANG_WARN_DOCUMENTATION_COMMENTS = YES;
				CLANG_WARN_EMPTY_BODY = YES;
				CLANG_WARN_ENUM_CONVERSION = YES;
				CLANG_WARN_INFINITE_RECURSION = YES;
				CLANG_WARN_INT_CONVERSION = YES;
				CLANG_WARN_NON_LITERAL_NULL_CONVERSION = YES;
				CLANG_WARN_OBJC_IMPLICIT_RETAIN_SELF = YES;
				CLANG_WARN_OBJC_LITERAL_CONVERSION = YES;
				CLANG_WARN_OBJC_ROOT_CLASS = YES_ERROR;
				CLANG_WARN_QUOTED_INCLUDE_IN_FRAMEWORK_HEADER = YES;
				CLANG_WARN_RANGE_LOOP_ANALYSIS = YES;
				CLANG_WARN_STRICT_PROTOTYPES = YES;
				CLANG_WARN_SUSPICIOUS_MOVE = YES;
				CLANG_WARN_UNGUARDED_AVAILABILITY = YES_AGGRESSIVE;
				CLANG_WARN_UNREACHABLE_CODE = YES;
				CLANG_WARN__DUPLICATE_METHOD_MATCH = YES;
				COPY_PHASE_STRIP = NO;
				DEBUG_INFORMATION_FORMAT = dwarf;
				ENABLE_STRICT_OBJC_MSGSEND = YES;
				ENABLE_TESTABILITY = YES;
				ENABLE_USER_SCRIPT_SANDBOXING = YES;
				GCC_C_LANGUAGE_STANDARD = gnu17;
				GCC_DYNAMIC_NO_PIC = NO;
				GCC_NO_COMMON_BLOCKS = YES;
				GCC_OPTIMIZATION_LEVEL = 0;
				GCC_PREPROCESSOR_DEFINITIONS = (
					"DEBUG=1",
					"$(inherited)",
				);
				GCC_WARN_64_TO_32_BIT_CONVERSION = YES;
				GCC_WARN_ABOUT_RETURN_TYPE = YES_ERROR;
				GCC_WARN_UNDECLARED_SELECTOR = YES;
				GCC_WARN_UNINITIALIZED_AUTOS = YES_AGGRESSIVE;
				GCC_WARN_UNUSED_FUNCTION = YES;
				GCC_WARN_UNUSED_VARIABLE = YES;
				IPHONEOS_DEPLOYMENT_TARGET = 18.0;
				LOCALIZATION_PREFERS_STRING_CATALOGS = YES;
				MTL_ENABLE_DEBUG_INFO = INCLUDE_SOURCE;
				MTL_FAST_MATH = YES;
				ONLY_ACTIVE_ARCH = YES;
				SDKROOT = iphoneos;
				SWIFT_ACTIVE_COMPILATION_CONDITIONS = "DEBUG $(inherited)";
				SWIFT_OPTIMIZATION_LEVEL = "-Onone";
			};
			name = Debug;
		};
		260044072CA279CA00A55AA1 /* Release */ = {
			isa = XCBuildConfiguration;
			buildSettings = {
				ALWAYS_SEARCH_USER_PATHS = NO;
				ASSETCATALOG_COMPILER_GENERATE_SWIFT_ASSET_SYMBOL_EXTENSIONS = YES;
				CLANG_ANALYZER_NONNULL = YES;
				CLANG_ANALYZER_NUMBER_OBJECT_CONVERSION = YES_AGGRESSIVE;
				CLANG_CXX_LANGUAGE_STANDARD = "gnu++20";
				CLANG_ENABLE_MODULES = YES;
				CLANG_ENABLE_OBJC_ARC = YES;
				CLANG_ENABLE_OBJC_WEAK = YES;
				CLANG_WARN_BLOCK_CAPTURE_AUTORELEASING = YES;
				CLANG_WARN_BOOL_CONVERSION = YES;
				CLANG_WARN_COMMA = YES;
				CLANG_WARN_CONSTANT_CONVERSION = YES;
				CLANG_WARN_DEPRECATED_OBJC_IMPLEMENTATIONS = YES;
				CLANG_WARN_DIRECT_OBJC_ISA_USAGE = YES_ERROR;
				CLANG_WARN_DOCUMENTATION_COMMENTS = YES;
				CLANG_WARN_EMPTY_BODY = YES;
				CLANG_WARN_ENUM_CONVERSION = YES;
				CLANG_WARN_INFINITE_RECURSION = YES;
				CLANG_WARN_INT_CONVERSION = YES;
				CLANG_WARN_NON_LITERAL_NULL_CONVERSION = YES;
				CLANG_WARN_OBJC_IMPLICIT_RETAIN_SELF = YES;
				CLANG_WARN_OBJC_LITERAL_CONVERSION = YES;
				CLANG_WARN_OBJC_ROOT_CLASS = YES_ERROR;
				CLANG_WARN_QUOTED_INCLUDE_IN_FRAMEWORK_HEADER = YES;
				CLANG_WARN_RANGE_LOOP_ANALYSIS = YES;
				CLANG_WARN_STRICT_PROTOTYPES = YES;
				CLANG_WARN_SUSPICIOUS_MOVE = YES;
				CLANG_WARN_UNGUARDED_AVAILABILITY = YES_AGGRESSIVE;
				CLANG_WARN_UNREACHABLE_CODE = YES;
				CLANG_WARN__DUPLICATE_METHOD_MATCH = YES;
				COPY_PHASE_STRIP = NO;
				DEBUG_INFORMATION_FORMAT = "dwarf-with-dsym";
				ENABLE_NS_ASSERTIONS = NO;
				ENABLE_STRICT_OBJC_MSGSEND = YES;
				ENABLE_USER_SCRIPT_SANDBOXING = YES;
				GCC_C_LANGUAGE_STANDARD = gnu17;
				GCC_NO_COMMON_BLOCKS = YES;
				GCC_WARN_64_TO_32_BIT_CONVERSION = YES;
				GCC_WARN_ABOUT_RETURN_TYPE = YES_ERROR;
				GCC_WARN_UNDECLARED_SELECTOR = YES;
				GCC_WARN_UNINITIALIZED_AUTOS = YES_AGGRESSIVE;
				GCC_WARN_UNUSED_FUNCTION = YES;
				GCC_WARN_UNUSED_VARIABLE = YES;
				IPHONEOS_DEPLOYMENT_TARGET = 18.0;
				LOCALIZATION_PREFERS_STRING_CATALOGS = YES;
				MTL_ENABLE_DEBUG_INFO = NO;
				MTL_FAST_MATH = YES;
				SDKROOT = iphoneos;
				SWIFT_COMPILATION_MODE = wholemodule;
				VALIDATE_PRODUCT = YES;
			};
			name = Release;
		};
		260044092CA279CA00A55AA1 /* Debug */ = {
			isa = XCBuildConfiguration;
			buildSettings = {
				ASSETCATALOG_COMPILER_APPICON_NAME = AppIcon;
				ASSETCATALOG_COMPILER_GLOBAL_ACCENT_COLOR_NAME = AccentColor;
				CODE_SIGN_STYLE = Automatic;
				CURRENT_PROJECT_VERSION = 1;
				DEVELOPMENT_ASSET_PATHS = "\"HotProspects/Preview Content\"";
				DEVELOPMENT_TEAM = R632V8N99W;
				ENABLE_PREVIEWS = YES;
				GENERATE_INFOPLIST_FILE = YES;
				INFOPLIST_KEY_NSCameraUsageDescription = "We need to scan QR codes";
				INFOPLIST_KEY_NSPhotoLibraryAddUsageDescription = "We want to save your QR code to the library";
				INFOPLIST_KEY_UIApplicationSceneManifest_Generation = YES;
				INFOPLIST_KEY_UIApplicationSupportsIndirectInputEvents = YES;
				INFOPLIST_KEY_UILaunchScreen_Generation = YES;
				INFOPLIST_KEY_UISupportedInterfaceOrientations_iPad = "UIInterfaceOrientationPortrait UIInterfaceOrientationPortraitUpsideDown UIInterfaceOrientationLandscapeLeft UIInterfaceOrientationLandscapeRight";
				INFOPLIST_KEY_UISupportedInterfaceOrientations_iPhone = "UIInterfaceOrientationPortrait UIInterfaceOrientationLandscapeLeft UIInterfaceOrientationLandscapeRight";
				LD_RUNPATH_SEARCH_PATHS = (
					"$(inherited)",
					"@executable_path/Frameworks",
				);
				MARKETING_VERSION = 1.0;
				PRODUCT_BUNDLE_IDENTIFIER = com.anbuilds.HotProspects;
				PRODUCT_NAME = "$(TARGET_NAME)";
				SWIFT_EMIT_LOC_STRINGS = YES;
				SWIFT_VERSION = 5.0;
				TARGETED_DEVICE_FAMILY = "1,2";
			};
			name = Debug;
		};
		2600440A2CA279CA00A55AA1 /* Release */ = {
			isa = XCBuildConfiguration;
			buildSettings = {
				ASSETCATALOG_COMPILER_APPICON_NAME = AppIcon;
				ASSETCATALOG_COMPILER_GLOBAL_ACCENT_COLOR_NAME = AccentColor;
				CODE_SIGN_STYLE = Automatic;
				CURRENT_PROJECT_VERSION = 1;
				DEVELOPMENT_ASSET_PATHS = "\"HotProspects/Preview Content\"";
				DEVELOPMENT_TEAM = R632V8N99W;
				ENABLE_PREVIEWS = YES;
				GENERATE_INFOPLIST_FILE = YES;
				INFOPLIST_KEY_NSCameraUsageDescription = "We need to scan QR codes";
				INFOPLIST_KEY_NSPhotoLibraryAddUsageDescription = "We want to save your QR code to the library";
				INFOPLIST_KEY_UIApplicationSceneManifest_Generation = YES;
				INFOPLIST_KEY_UIApplicationSupportsIndirectInputEvents = YES;
				INFOPLIST_KEY_UILaunchScreen_Generation = YES;
				INFOPLIST_KEY_UISupportedInterfaceOrientations_iPad = "UIInterfaceOrientationPortrait UIInterfaceOrientationPortraitUpsideDown UIInterfaceOrientationLandscapeLeft UIInterfaceOrientationLandscapeRight";
				INFOPLIST_KEY_UISupportedInterfaceOrientations_iPhone = "UIInterfaceOrientationPortrait UIInterfaceOrientationLandscapeLeft UIInterfaceOrientationLandscapeRight";
				LD_RUNPATH_SEARCH_PATHS = (
					"$(inherited)",
					"@executable_path/Frameworks",
				);
				MARKETING_VERSION = 1.0;
				PRODUCT_BUNDLE_IDENTIFIER = com.anbuilds.HotProspects;
				PRODUCT_NAME = "$(TARGET_NAME)";
				SWIFT_EMIT_LOC_STRINGS = YES;
				SWIFT_VERSION = 5.0;
				TARGETED_DEVICE_FAMILY = "1,2";
			};
			name = Release;
		};
		2600440C2CA279CA00A55AA1 /* Debug */ = {
			isa = XCBuildConfiguration;
			buildSettings = {
				BUNDLE_LOADER = "$(TEST_HOST)";
				CODE_SIGN_STYLE = Automatic;
				CURRENT_PROJECT_VERSION = 1;
				DEVELOPMENT_TEAM = R632V8N99W;
				GENERATE_INFOPLIST_FILE = YES;
				IPHONEOS_DEPLOYMENT_TARGET = 18.0;
				MARKETING_VERSION = 1.0;
				PRODUCT_BUNDLE_IDENTIFIER = com.anbuilds.HotProspectsTests;
				PRODUCT_NAME = "$(TARGET_NAME)";
				SWIFT_EMIT_LOC_STRINGS = NO;
				SWIFT_VERSION = 5.0;
				TARGETED_DEVICE_FAMILY = "1,2";
				TEST_HOST = "$(BUILT_PRODUCTS_DIR)/HotProspects.app/$(BUNDLE_EXECUTABLE_FOLDER_PATH)/HotProspects";
			};
			name = Debug;
		};
		2600440D2CA279CA00A55AA1 /* Release */ = {
			isa = XCBuildConfiguration;
			buildSettings = {
				BUNDLE_LOADER = "$(TEST_HOST)";
				CODE_SIGN_STYLE = Automatic;
				CURRENT_PROJECT_VERSION = 1;
				DEVELOPMENT_TEAM = R632V8N99W;
				GENERATE_INFOPLIST_FILE = YES;
				IPHONEOS_DEPLOYMENT_TARGET = 18.0;
				MARKETING_VERSION = 1.0;
				PRODUCT_BUNDLE_IDENTIFIER = com.anbuilds.HotProspectsTests;
				PRODUCT_NAME = "$(TARGET_NAME)";
				SWIFT_EMIT_LOC_STRINGS = NO;
				SWIFT_VERSION = 5.0;
				TARGETED_DEVICE_FAMILY = "1,2";
				TEST_HOST = "$(BUILT_PRODUCTS_DIR)/HotProspects.app/$(BUNDLE_EXECUTABLE_FOLDER_PATH)/HotProspects";
			};
			name = Release;
		};
		2600440F2CA279CA00A55AA1 /* Debug */ = {
			isa = XCBuildConfiguration;
			buildSettings = {
				CODE_SIGN_STYLE = Automatic;
				CURRENT_PROJECT_VERSION = 1;
				DEVELOPMENT_TEAM = R632V8N99W;
				GENERATE_INFOPLIST_FILE = YES;
				MARKETING_VERSION = 1.0;
				PRODUCT_BUNDLE_IDENTIFIER = com.anbuilds.HotProspectsUITests;
				PRODUCT_NAME = "$(TARGET_NAME)";
				SWIFT_EMIT_LOC_STRINGS = NO;
				SWIFT_VERSION = 5.0;
				TARGETED_DEVICE_FAMILY = "1,2";
				TEST_TARGET_NAME = HotProspects;
			};
			name = Debug;
		};
		260044102CA279CA00A55AA1 /* Release */ = {
			isa = XCBuildConfiguration;
			buildSettings = {
				CODE_SIGN_STYLE = Automatic;
				CURRENT_PROJECT_VERSION = 1;
				DEVELOPMENT_TEAM = R632V8N99W;
				GENERATE_INFOPLIST_FILE = YES;
				MARKETING_VERSION = 1.0;
				PRODUCT_BUNDLE_IDENTIFIER = com.anbuilds.HotProspectsUITests;
				PRODUCT_NAME = "$(TARGET_NAME)";
				SWIFT_EMIT_LOC_STRINGS = NO;
				SWIFT_VERSION = 5.0;
				TARGETED_DEVICE_FAMILY = "1,2";
				TEST_TARGET_NAME = HotProspects;
			};
			name = Release;
		};
/* End XCBuildConfiguration section */

/* Begin XCConfigurationList section */
		260043DF2CA279C900A55AA1 /* Build configuration list for PBXProject "HotProspects" */ = {
			isa = XCConfigurationList;
			buildConfigurations = (
				260044062CA279CA00A55AA1 /* Debug */,
				260044072CA279CA00A55AA1 /* Release */,
			);
			defaultConfigurationIsVisible = 0;
			defaultConfigurationName = Release;
		};
		260044082CA279CA00A55AA1 /* Build configuration list for PBXNativeTarget "HotProspects" */ = {
			isa = XCConfigurationList;
			buildConfigurations = (
				260044092CA279CA00A55AA1 /* Debug */,
				2600440A2CA279CA00A55AA1 /* Release */,
			);
			defaultConfigurationIsVisible = 0;
			defaultConfigurationName = Release;
		};
		2600440B2CA279CA00A55AA1 /* Build configuration list for PBXNativeTarget "HotProspectsTests" */ = {
			isa = XCConfigurationList;
			buildConfigurations = (
				2600440C2CA279CA00A55AA1 /* Debug */,
				2600440D2CA279CA00A55AA1 /* Release */,
			);
			defaultConfigurationIsVisible = 0;
			defaultConfigurationName = Release;
		};
		2600440E2CA279CA00A55AA1 /* Build configuration list for PBXNativeTarget "HotProspectsUITests" */ = {
			isa = XCConfigurationList;
			buildConfigurations = (
				2600440F2CA279CA00A55AA1 /* Debug */,
				260044102CA279CA00A55AA1 /* Release */,
			);
			defaultConfigurationIsVisible = 0;
			defaultConfigurationName = Release;
		};
/* End XCConfigurationList section */

/* Begin XCRemoteSwiftPackageReference section */
		2615C2412CAA65290082D90C /* XCRemoteSwiftPackageReference "SamplePackage" */ = {
			isa = XCRemoteSwiftPackageReference;
			repositoryURL = "https://github.com/twostraws/SamplePackage";
			requirement = {
				kind = upToNextMajorVersion;
				minimumVersion = 1.0.0;
			};
		};
		2615C24A2CAD60860082D90C /* XCRemoteSwiftPackageReference "CodeScanner" */ = {
			isa = XCRemoteSwiftPackageReference;
			repositoryURL = "https://github.com/twostraws/CodeScanner";
			requirement = {
				kind = upToNextMajorVersion;
				minimumVersion = 2.5.1;
			};
		};
/* End XCRemoteSwiftPackageReference section */

/* Begin XCSwiftPackageProductDependency section */
		2615C2422CAA658D0082D90C /* SamplePackage */ = {
			isa = XCSwiftPackageProductDependency;
			package = 2615C2412CAA65290082D90C /* XCRemoteSwiftPackageReference "SamplePackage" */;
			productName = SamplePackage;
		};
		2615C24B2CAD60860082D90C /* CodeScanner */ = {
			isa = XCSwiftPackageProductDependency;
			package = 2615C24A2CAD60860082D90C /* XCRemoteSwiftPackageReference "CodeScanner" */;
			productName = CodeScanner;
		};
/* End XCSwiftPackageProductDependency section */
	};
	rootObject = 260043DC2CA279C900A55AA1 /* Project object */;
}
